
Microsoft Visual Studio Solution File, Format Version 12.00
# Visual Studio Version 17
VisualStudioVersion = 17.9.34622.214
MinimumVisualStudioVersion = 10.0.40219.1
Project("{9A19103F-16F7-4668-BE54-9A1E7A4F7556}") = "Avans DevOps", "Avans DevOps\Avans DevOps.csproj", "{661F3323-D04A-4D6D-827D-549C20609E6D}"
EndProject
Project("{FAE04EC0-301F-11D3-BF4B-00C04F79EFBC}") = "Avans Devops Tests", "Avans Devops Tests\Avans Devops Tests.csproj", "{9C6F0127-6C09-4254-B423-F3013E5F1EBB}"
	ProjectSection(ProjectDependencies) = postProject
		{661F3323-D04A-4D6D-827D-549C20609E6D} = {661F3323-D04A-4D6D-827D-549C20609E6D}
	EndProjectSection
EndProject
Global
	GlobalSection(SolutionConfigurationPlatforms) = preSolution
		Debug|Any CPU = Debug|Any CPU
		Release|Any CPU = Release|Any CPU
	EndGlobalSection
	GlobalSection(ProjectConfigurationPlatforms) = postSolution
		{661F3323-D04A-4D6D-827D-549C20609E6D}.Debug|Any CPU.ActiveCfg = Debug|Any CPU
		{661F3323-D04A-4D6D-827D-549C20609E6D}.Debug|Any CPU.Build.0 = Debug|Any CPU
		{661F3323-D04A-4D6D-827D-549C20609E6D}.Release|Any CPU.ActiveCfg = Release|Any CPU
		{661F3323-D04A-4D6D-827D-549C20609E6D}.Release|Any CPU.Build.0 = Release|Any CPU
		{9C6F0127-6C09-4254-B423-F3013E5F1EBB}.Debug|Any CPU.ActiveCfg = Debug|Any CPU
		{9C6F0127-6C09-4254-B423-F3013E5F1EBB}.Debug|Any CPU.Build.0 = Debug|Any CPU
		{9C6F0127-6C09-4254-B423-F3013E5F1EBB}.Release|Any CPU.ActiveCfg = Release|Any CPU
		{9C6F0127-6C09-4254-B423-F3013E5F1EBB}.Release|Any CPU.Build.0 = Release|Any CPU
	EndGlobalSection
	GlobalSection(SolutionProperties) = preSolution
		HideSolutionNode = FALSE
	EndGlobalSection
	GlobalSection(ExtensibilityGlobals) = postSolution
		SolutionGuid = {74993F47-E7F9-4D9D-B889-7E990AD16124}
	EndGlobalSection
EndGlobal
